// !$*UTF8*$!
{
	archiveVersion = 1;
	classes = {
	};
	objectVersion = 50;
	objects = {

/* Begin PBXBuildFile section */
		6307124D22FC012700A509E3 /* AppDelegate.swift in Sources */ = {isa = PBXBuildFile; fileRef = 6307124C22FC012700A509E3 /* AppDelegate.swift */; };
		6307124F22FC012700A509E3 /* ViewController.swift in Sources */ = {isa = PBXBuildFile; fileRef = 6307124E22FC012700A509E3 /* ViewController.swift */; };
		6307125222FC012700A509E3 /* Main.storyboard in Resources */ = {isa = PBXBuildFile; fileRef = 6307125022FC012700A509E3 /* Main.storyboard */; };
		6307125422FC012800A509E3 /* Assets.xcassets in Resources */ = {isa = PBXBuildFile; fileRef = 6307125322FC012800A509E3 /* Assets.xcassets */; };
		6307125722FC012800A509E3 /* LaunchScreen.storyboard in Resources */ = {isa = PBXBuildFile; fileRef = 6307125522FC012800A509E3 /* LaunchScreen.storyboard */; };
		6307126222FC012800A509E3 /* RandomJokeTests.swift in Sources */ = {isa = PBXBuildFile; fileRef = 6307126122FC012800A509E3 /* RandomJokeTests.swift */; };
		6307126D22FC012800A509E3 /* RandomJokeUITests.swift in Sources */ = {isa = PBXBuildFile; fileRef = 6307126C22FC012800A509E3 /* RandomJokeUITests.swift */; };
/* End PBXBuildFile section */

/* Begin PBXContainerItemProxy section */
		6307125E22FC012800A509E3 /* PBXContainerItemProxy */ = {
			isa = PBXContainerItemProxy;
			containerPortal = 6307124122FC012700A509E3 /* Project object */;
			proxyType = 1;
			remoteGlobalIDString = 6307124822FC012700A509E3;
			remoteInfo = RandomJoke;
		};
		6307126922FC012800A509E3 /* PBXContainerItemProxy */ = {
			isa = PBXContainerItemProxy;
			containerPortal = 6307124122FC012700A509E3 /* Project object */;
			proxyType = 1;
			remoteGlobalIDString = 6307124822FC012700A509E3;
			remoteInfo = RandomJoke;
		};
/* End PBXContainerItemProxy section */

/* Begin PBXFileReference section */
		6307124922FC012700A509E3 /* RandomJoke.app */ = {isa = PBXFileReference; explicitFileType = wrapper.application; includeInIndex = 0; path = RandomJoke.app; sourceTree = BUILT_PRODUCTS_DIR; };
		6307124C22FC012700A509E3 /* AppDelegate.swift */ = {isa = PBXFileReference; lastKnownFileType = sourcecode.swift; path = AppDelegate.swift; sourceTree = "<group>"; };
		6307124E22FC012700A509E3 /* ViewController.swift */ = {isa = PBXFileReference; lastKnownFileType = sourcecode.swift; path = ViewController.swift; sourceTree = "<group>"; };
		6307125122FC012700A509E3 /* Base */ = {isa = PBXFileReference; lastKnownFileType = file.storyboard; name = Base; path = Base.lproj/Main.storyboard; sourceTree = "<group>"; };
		6307125322FC012800A509E3 /* Assets.xcassets */ = {isa = PBXFileReference; lastKnownFileType = folder.assetcatalog; path = Assets.xcassets; sourceTree = "<group>"; };
		6307125622FC012800A509E3 /* Base */ = {isa = PBXFileReference; lastKnownFileType = file.storyboard; name = Base; path = Base.lproj/LaunchScreen.storyboard; sourceTree = "<group>"; };
		6307125822FC012800A509E3 /* Info.plist */ = {isa = PBXFileReference; lastKnownFileType = text.plist.xml; path = Info.plist; sourceTree = "<group>"; };
		6307125D22FC012800A509E3 /* RandomJokeTests.xctest */ = {isa = PBXFileReference; explicitFileType = wrapper.cfbundle; includeInIndex = 0; path = RandomJokeTests.xctest; sourceTree = BUILT_PRODUCTS_DIR; };
		6307126122FC012800A509E3 /* RandomJokeTests.swift */ = {isa = PBXFileReference; lastKnownFileType = sourcecode.swift; path = RandomJokeTests.swift; sourceTree = "<group>"; };
		6307126322FC012800A509E3 /* Info.plist */ = {isa = PBXFileReference; lastKnownFileType = text.plist.xml; path = Info.plist; sourceTree = "<group>"; };
		6307126822FC012800A509E3 /* RandomJokeUITests.xctest */ = {isa = PBXFileReference; explicitFileType = wrapper.cfbundle; includeInIndex = 0; path = RandomJokeUITests.xctest; sourceTree = BUILT_PRODUCTS_DIR; };
		6307126C22FC012800A509E3 /* RandomJokeUITests.swift */ = {isa = PBXFileReference; lastKnownFileType = sourcecode.swift; path = RandomJokeUITests.swift; sourceTree = "<group>"; };
		6307126E22FC012800A509E3 /* Info.plist */ = {isa = PBXFileReference; lastKnownFileType = text.plist.xml; path = Info.plist; sourceTree = "<group>"; };
/* End PBXFileReference section */

/* Begin PBXFrameworksBuildPhase section */
		6307124622FC012700A509E3 /* Frameworks */ = {
			isa = PBXFrameworksBuildPhase;
			buildActionMask = 2147483647;
			files = (
			);
			runOnlyForDeploymentPostprocessing = 0;
		};
		6307125A22FC012800A509E3 /* Frameworks */ = {
			isa = PBXFrameworksBuildPhase;
			buildActionMask = 2147483647;
			files = (
			);
			runOnlyForDeploymentPostprocessing = 0;
		};
		6307126522FC012800A509E3 /* Frameworks */ = {
			isa = PBXFrameworksBuildPhase;
			buildActionMask = 2147483647;
			files = (
			);
			runOnlyForDeploymentPostprocessing = 0;
		};
/* End PBXFrameworksBuildPhase section */

/* Begin PBXGroup section */
		6307124022FC012700A509E3 = {
			isa = PBXGroup;
			children = (
				6307124B22FC012700A509E3 /* RandomJoke */,
				6307126022FC012800A509E3 /* RandomJokeTests */,
				6307126B22FC012800A509E3 /* RandomJokeUITests */,
				6307124A22FC012700A509E3 /* Products */,
			);
			sourceTree = "<group>";
		};
		6307124A22FC012700A509E3 /* Products */ = {
			isa = PBXGroup;
			children = (
				6307124922FC012700A509E3 /* RandomJoke.app */,
				6307125D22FC012800A509E3 /* RandomJokeTests.xctest */,
				6307126822FC012800A509E3 /* RandomJokeUITests.xctest */,
			);
			name = Products;
			sourceTree = "<group>";
		};
		6307124B22FC012700A509E3 /* RandomJoke */ = {
			isa = PBXGroup;
			children = (
				6307124C22FC012700A509E3 /* AppDelegate.swift */,
				6307124E22FC012700A509E3 /* ViewController.swift */,
				6307125022FC012700A509E3 /* Main.storyboard */,
				6307125322FC012800A509E3 /* Assets.xcassets */,
				6307125522FC012800A509E3 /* LaunchScreen.storyboard */,
				6307125822FC012800A509E3 /* Info.plist */,
			);
			path = RandomJoke;
			sourceTree = "<group>";
		};
		6307126022FC012800A509E3 /* RandomJokeTests */ = {
			isa = PBXGroup;
			children = (
				6307126122FC012800A509E3 /* RandomJokeTests.swift */,
				6307126322FC012800A509E3 /* Info.plist */,
			);
			path = RandomJokeTests;
			sourceTree = "<group>";
		};
		6307126B22FC012800A509E3 /* RandomJokeUITests */ = {
			isa = PBXGroup;
			children = (
				6307126C22FC012800A509E3 /* RandomJokeUITests.swift */,
				6307126E22FC012800A509E3 /* Info.plist */,
			);
			path = RandomJokeUITests;
			sourceTree = "<group>";
		};
/* End PBXGroup section */

/* Begin PBXNativeTarget section */
		6307124822FC012700A509E3 /* RandomJoke */ = {
			isa = PBXNativeTarget;
			buildConfigurationList = 6307127122FC012800A509E3 /* Build configuration list for PBXNativeTarget "RandomJoke" */;
			buildPhases = (
				6307124522FC012700A509E3 /* Sources */,
				6307124622FC012700A509E3 /* Frameworks */,
				6307124722FC012700A509E3 /* Resources */,
			);
			buildRules = (
			);
			dependencies = (
			);
			name = RandomJoke;
			productName = RandomJoke;
			productReference = 6307124922FC012700A509E3 /* RandomJoke.app */;
			productType = "com.apple.product-type.application";
		};
		6307125C22FC012800A509E3 /* RandomJokeTests */ = {
			isa = PBXNativeTarget;
			buildConfigurationList = 6307127422FC012800A509E3 /* Build configuration list for PBXNativeTarget "RandomJokeTests" */;
			buildPhases = (
				6307125922FC012800A509E3 /* Sources */,
				6307125A22FC012800A509E3 /* Frameworks */,
				6307125B22FC012800A509E3 /* Resources */,
			);
			buildRules = (
			);
			dependencies = (
				6307125F22FC012800A509E3 /* PBXTargetDependency */,
			);
			name = RandomJokeTests;
			productName = RandomJokeTests;
			productReference = 6307125D22FC012800A509E3 /* RandomJokeTests.xctest */;
			productType = "com.apple.product-type.bundle.unit-test";
		};
		6307126722FC012800A509E3 /* RandomJokeUITests */ = {
			isa = PBXNativeTarget;
			buildConfigurationList = 6307127722FC012800A509E3 /* Build configuration list for PBXNativeTarget "RandomJokeUITests" */;
			buildPhases = (
				6307126422FC012800A509E3 /* Sources */,
				6307126522FC012800A509E3 /* Frameworks */,
				6307126622FC012800A509E3 /* Resources */,
			);
			buildRules = (
			);
			dependencies = (
				6307126A22FC012800A509E3 /* PBXTargetDependency */,
			);
			name = RandomJokeUITests;
			productName = RandomJokeUITests;
			productReference = 6307126822FC012800A509E3 /* RandomJokeUITests.xctest */;
			productType = "com.apple.product-type.bundle.ui-testing";
		};
/* End PBXNativeTarget section */

/* Begin PBXProject section */
		6307124122FC012700A509E3 /* Project object */ = {
			isa = PBXProject;
			attributes = {
				LastSwiftUpdateCheck = 1020;
				LastUpgradeCheck = 1020;
				ORGANIZATIONNAME = mg;
				TargetAttributes = {
					6307124822FC012700A509E3 = {
						CreatedOnToolsVersion = 10.2.1;
					};
					6307125C22FC012800A509E3 = {
						CreatedOnToolsVersion = 10.2.1;
						TestTargetID = 6307124822FC012700A509E3;
					};
					6307126722FC012800A509E3 = {
						CreatedOnToolsVersion = 10.2.1;
						TestTargetID = 6307124822FC012700A509E3;
					};
				};
			};
			buildConfigurationList = 6307124422FC012700A509E3 /* Build configuration list for PBXProject "RandomJoke" */;
			compatibilityVersion = "Xcode 9.3";
			developmentRegion = en;
			hasScannedForEncodings = 0;
			knownRegions = (
				en,
				Base,
			);
			mainGroup = 6307124022FC012700A509E3;
			productRefGroup = 6307124A22FC012700A509E3 /* Products */;
			projectDirPath = "";
			projectRoot = "";
			targets = (
				6307124822FC012700A509E3 /* RandomJoke */,
				6307125C22FC012800A509E3 /* RandomJokeTests */,
				6307126722FC012800A509E3 /* RandomJokeUITests */,
			);
		};
/* End PBXProject section */

/* Begin PBXResourcesBuildPhase section */
		6307124722FC012700A509E3 /* Resources */ = {
			isa = PBXResourcesBuildPhase;
			buildActionMask = 2147483647;
			files = (
				6307125722FC012800A509E3 /* LaunchScreen.storyboard in Resources */,
				6307125422FC012800A509E3 /* Assets.xcassets in Resources */,
				6307125222FC012700A509E3 /* Main.storyboard in Resources */,
			);
			runOnlyForDeploymentPostprocessing = 0;
		};
		6307125B22FC012800A509E3 /* Resources */ = {
			isa = PBXResourcesBuildPhase;
			buildActionMask = 2147483647;
			files = (
			);
			runOnlyForDeploymentPostprocessing = 0;
		};
		6307126622FC012800A509E3 /* Resources */ = {
			isa = PBXResourcesBuildPhase;
			buildActionMask = 2147483647;
			files = (
			);
			runOnlyForDeploymentPostprocessing = 0;
		};
/* End PBXResourcesBuildPhase section */

/* Begin PBXSourcesBuildPhase section */
		6307124522FC012700A509E3 /* Sources */ = {
			isa = PBXSourcesBuildPhase;
			buildActionMask = 2147483647;
			files = (
				6307124F22FC012700A509E3 /* ViewController.swift in Sources */,
				6307124D22FC012700A509E3 /* AppDelegate.swift in Sources */,
			);
			runOnlyForDeploymentPostprocessing = 0;
		};
		6307125922FC012800A509E3 /* Sources */ = {
			isa = PBXSourcesBuildPhase;
			buildActionMask = 2147483647;
			files = (
				6307126222FC012800A509E3 /* RandomJokeTests.swift in Sources */,
			);
			runOnlyForDeploymentPostprocessing = 0;
		};
		6307126422FC012800A509E3 /* Sources */ = {
			isa = PBXSourcesBuildPhase;
			buildActionMask = 2147483647;
			files = (
				6307126D22FC012800A509E3 /* RandomJokeUITests.swift in Sources */,
			);
			runOnlyForDeploymentPostprocessing = 0;
		};
/* End PBXSourcesBuildPhase section */

/* Begin PBXTargetDependency section */
		6307125F22FC012800A509E3 /* PBXTargetDependency */ = {
			isa = PBXTargetDependency;
			target = 6307124822FC012700A509E3 /* RandomJoke */;
			targetProxy = 6307125E22FC012800A509E3 /* PBXContainerItemProxy */;
		};
		6307126A22FC012800A509E3 /* PBXTargetDependency */ = {
			isa = PBXTargetDependency;
			target = 6307124822FC012700A509E3 /* RandomJoke */;
			targetProxy = 6307126922FC012800A509E3 /* PBXContainerItemProxy */;
		};
/* End PBXTargetDependency section */

/* Begin PBXVariantGroup section */
		6307125022FC012700A509E3 /* Main.storyboard */ = {
			isa = PBXVariantGroup;
			children = (
				6307125122FC012700A509E3 /* Base */,
			);
			name = Main.storyboard;
			sourceTree = "<group>";
		};
		6307125522FC012800A509E3 /* LaunchScreen.storyboard */ = {
			isa = PBXVariantGroup;
			children = (
				6307125622FC012800A509E3 /* Base */,
			);
			name = LaunchScreen.storyboard;
			sourceTree = "<group>";
		};
/* End PBXVariantGroup section */

/* Begin XCBuildConfiguration section */
		6307126F22FC012800A509E3 /* Debug */ = {
			isa = XCBuildConfiguration;
			buildSettings = {
				ALWAYS_SEARCH_USER_PATHS = NO;
				CLANG_ANALYZER_NONNULL = YES;
				CLANG_ANALYZER_NUMBER_OBJECT_CONVERSION = YES_AGGRESSIVE;
				CLANG_CXX_LANGUAGE_STANDARD = "gnu++14";
				CLANG_CXX_LIBRARY = "libc++";
				CLANG_ENABLE_MODULES = YES;
				CLANG_ENABLE_OBJC_ARC = YES;
				CLANG_ENABLE_OBJC_WEAK = YES;
				CLANG_WARN_BLOCK_CAPTURE_AUTORELEASING = YES;
				CLANG_WARN_BOOL_CONVERSION = YES;
				CLANG_WARN_COMMA = YES;
				CLANG_WARN_CONSTANT_CONVERSION = YES;
				CLANG_WARN_DEPRECATED_OBJC_IMPLEMENTATIONS = YES;
				CLANG_WARN_DIRECT_OBJC_ISA_USAGE = YES_ERROR;
				CLANG_WARN_DOCUMENTATION_COMMENTS = YES;
				CLANG_WARN_EMPTY_BODY = YES;
				CLANG_WARN_ENUM_CONVERSION = YES;
				CLANG_WARN_INFINITE_RECURSION = YES;
				CLANG_WARN_INT_CONVERSION = YES;
				CLANG_WARN_NON_LITERAL_NULL_CONVERSION = YES;
				CLANG_WARN_OBJC_IMPLICIT_RETAIN_SELF = YES;
				CLANG_WARN_OBJC_LITERAL_CONVERSION = YES;
				CLANG_WARN_OBJC_ROOT_CLASS = YES_ERROR;
				CLANG_WARN_RANGE_LOOP_ANALYSIS = YES;
				CLANG_WARN_STRICT_PROTOTYPES = YES;
				CLANG_WARN_SUSPICIOUS_MOVE = YES;
				CLANG_WARN_UNGUARDED_AVAILABILITY = YES_AGGRESSIVE;
				CLANG_WARN_UNREACHABLE_CODE = YES;
				CLANG_WARN__DUPLICATE_METHOD_MATCH = YES;
				CODE_SIGN_IDENTITY = "iPhone Developer";
				COPY_PHASE_STRIP = NO;
				DEBUG_INFORMATION_FORMAT = dwarf;
				ENABLE_STRICT_OBJC_MSGSEND = YES;
				ENABLE_TESTABILITY = YES;
				GCC_C_LANGUAGE_STANDARD = gnu11;
				GCC_DYNAMIC_NO_PIC = NO;
				GCC_NO_COMMON_BLOCKS = YES;
				GCC_OPTIMIZATION_LEVEL = 0;
				GCC_PREPROCESSOR_DEFINITIONS = (
					"DEBUG=1",
					"$(inherited)",
				);
				GCC_WARN_64_TO_32_BIT_CONVERSION = YES;
				GCC_WARN_ABOUT_RETURN_TYPE = YES_ERROR;
				GCC_WARN_UNDECLARED_SELECTOR = YES;
				GCC_WARN_UNINITIALIZED_AUTOS = YES_AGGRESSIVE;
				GCC_WARN_UNUSED_FUNCTION = YES;
				GCC_WARN_UNUSED_VARIABLE = YES;
				IPHONEOS_DEPLOYMENT_TARGET = 12.2;
				MTL_ENABLE_DEBUG_INFO = INCLUDE_SOURCE;
				MTL_FAST_MATH = YES;
				ONLY_ACTIVE_ARCH = YES;
				SDKROOT = iphoneos;
				SWIFT_ACTIVE_COMPILATION_CONDITIONS = DEBUG;
				SWIFT_OPTIMIZATION_LEVEL = "-Onone";
			};
			name = Debug;
		};
		6307127022FC012800A509E3 /* Release */ = {
			isa = XCBuildConfiguration;
			buildSettings = {
				ALWAYS_SEARCH_USER_PATHS = NO;
				CLANG_ANALYZER_NONNULL = YES;
				CLANG_ANALYZER_NUMBER_OBJECT_CONVERSION = YES_AGGRESSIVE;
				CLANG_CXX_LANGUAGE_STANDARD = "gnu++14";
				CLANG_CXX_LIBRARY = "libc++";
				CLANG_ENABLE_MODULES = YES;
				CLANG_ENABLE_OBJC_ARC = YES;
				CLANG_ENABLE_OBJC_WEAK = YES;
				CLANG_WARN_BLOCK_CAPTURE_AUTORELEASING = YES;
				CLANG_WARN_BOOL_CONVERSION = YES;
				CLANG_WARN_COMMA = YES;
				CLANG_WARN_CONSTANT_CONVERSION = YES;
				CLANG_WARN_DEPRECATED_OBJC_IMPLEMENTATIONS = YES;
				CLANG_WARN_DIRECT_OBJC_ISA_USAGE = YES_ERROR;
				CLANG_WARN_DOCUMENTATION_COMMENTS = YES;
				CLANG_WARN_EMPTY_BODY = YES;
				CLANG_WARN_ENUM_CONVERSION = YES;
				CLANG_WARN_INFINITE_RECURSION = YES;
				CLANG_WARN_INT_CONVERSION = YES;
				CLANG_WARN_NON_LITERAL_NULL_CONVERSION = YES;
				CLANG_WARN_OBJC_IMPLICIT_RETAIN_SELF = YES;
				CLANG_WARN_OBJC_LITERAL_CONVERSION = YES;
				CLANG_WARN_OBJC_ROOT_CLASS = YES_ERROR;
				CLANG_WARN_RANGE_LOOP_ANALYSIS = YES;
				CLANG_WARN_STRICT_PROTOTYPES = YES;
				CLANG_WARN_SUSPICIOUS_MOVE = YES;
				CLANG_WARN_UNGUARDED_AVAILABILITY = YES_AGGRESSIVE;
				CLANG_WARN_UNREACHABLE_CODE = YES;
				CLANG_WARN__DUPLICATE_METHOD_MATCH = YES;
				CODE_SIGN_IDENTITY = "iPhone Developer";
				COPY_PHASE_STRIP = NO;
				DEBUG_INFORMATION_FORMAT = "dwarf-with-dsym";
				ENABLE_NS_ASSERTIONS = NO;
				ENABLE_STRICT_OBJC_MSGSEND = YES;
				GCC_C_LANGUAGE_STANDARD = gnu11;
				GCC_NO_COMMON_BLOCKS = YES;
				GCC_WARN_64_TO_32_BIT_CONVERSION = YES;
				GCC_WARN_ABOUT_RETURN_TYPE = YES_ERROR;
				GCC_WARN_UNDECLARED_SELECTOR = YES;
				GCC_WARN_UNINITIALIZED_AUTOS = YES_AGGRESSIVE;
				GCC_WARN_UNUSED_FUNCTION = YES;
				GCC_WARN_UNUSED_VARIABLE = YES;
				IPHONEOS_DEPLOYMENT_TARGET = 12.2;
				MTL_ENABLE_DEBUG_INFO = NO;
				MTL_FAST_MATH = YES;
				SDKROOT = iphoneos;
				SWIFT_COMPILATION_MODE = wholemodule;
				SWIFT_OPTIMIZATION_LEVEL = "-O";
				VALIDATE_PRODUCT = YES;
			};
			name = Release;
		};
		6307127222FC012800A509E3 /* Debug */ = {
			isa = XCBuildConfiguration;
			buildSettings = {
				ASSETCATALOG_COMPILER_APPICON_NAME = AppIcon;
				CODE_SIGN_STYLE = Automatic;
				DEVELOPMENT_TEAM = MHA4V436PN;
				INFOPLIST_FILE = RandomJoke/Info.plist;
				LD_RUNPATH_SEARCH_PATHS = (
					"$(inherited)",
					"@executable_path/Frameworks",
				);
				PRODUCT_BUNDLE_IDENTIFIER = com.mg.RandomJoke;
				PRODUCT_NAME = "$(TARGET_NAME)";
				SWIFT_VERSION = 5.0;
				TARGETED_DEVICE_FAMILY = "1,2";
			};
			name = Debug;
		};
		6307127322FC012800A509E3 /* Release */ = {
			isa = XCBuildConfiguration;
			buildSettings = {
				ASSETCATALOG_COMPILER_APPICON_NAME = AppIcon;
				CODE_SIGN_STYLE = Automatic;
				DEVELOPMENT_TEAM = MHA4V436PN;
				INFOPLIST_FILE = RandomJoke/Info.plist;
				LD_RUNPATH_SEARCH_PATHS = (
					"$(inherited)",
					"@executable_path/Frameworks",
				);
				PRODUCT_BUNDLE_IDENTIFIER = com.mg.RandomJoke;
				PRODUCT_NAME = "$(TARGET_NAME)";
				SWIFT_VERSION = 5.0;
				TARGETED_DEVICE_FAMILY = "1,2";
			};
			name = Release;
		};
		6307127522FC012800A509E3 /* Debug */ = {
			isa = XCBuildConfiguration;
			buildSettings = {
				ALWAYS_EMBED_SWIFT_STANDARD_LIBRARIES = YES;
				BUNDLE_LOADER = "$(TEST_HOST)";
				CODE_SIGN_STYLE = Automatic;
				DEVELOPMENT_TEAM = MHA4V436PN;
				INFOPLIST_FILE = RandomJokeTests/Info.plist;
				LD_RUNPATH_SEARCH_PATHS = (
					"$(inherited)",
					"@executable_path/Frameworks",
					"@loader_path/Frameworks",
				);
				PRODUCT_BUNDLE_IDENTIFIER = com.mg.RandomJokeTests;
				PRODUCT_NAME = "$(TARGET_NAME)";
				SWIFT_VERSION = 5.0;
				TARGETED_DEVICE_FAMILY = "1,2";
				TEST_HOST = "$(BUILT_PRODUCTS_DIR)/RandomJoke.app/RandomJoke";
			};
			name = Debug;
		};
		6307127622FC012800A509E3 /* Release */ = {
			isa = XCBuildConfiguration;
			buildSettings = {
				ALWAYS_EMBED_SWIFT_STANDARD_LIBRARIES = YES;
				BUNDLE_LOADER = "$(TEST_HOST)";
				CODE_SIGN_STYLE = Automatic;
				DEVELOPMENT_TEAM = MHA4V436PN;
				INFOPLIST_FILE = RandomJokeTests/Info.plist;
				LD_RUNPATH_SEARCH_PATHS = (
					"$(inherited)",
					"@executable_path/Frameworks",
					"@loader_path/Frameworks",
				);
				PRODUCT_BUNDLE_IDENTIFIER = com.mg.RandomJokeTests;
				PRODUCT_NAME = "$(TARGET_NAME)";
				SWIFT_VERSION = 5.0;
				TARGETED_DEVICE_FAMILY = "1,2";
				TEST_HOST = "$(BUILT_PRODUCTS_DIR)/RandomJoke.app/RandomJoke";
			};
			name = Release;
		};
		6307127822FC012800A509E3 /* Debug */ = {
			isa = XCBuildConfiguration;
			buildSettings = {
				ALWAYS_EMBED_SWIFT_STANDARD_LIBRARIES = YES;
				CODE_SIGN_STYLE = Automatic;
				DEVELOPMENT_TEAM = MHA4V436PN;
				INFOPLIST_FILE = RandomJokeUITests/Info.plist;
				LD_RUNPATH_SEARCH_PATHS = (
					"$(inherited)",
					"@executable_path/Frameworks",
					"@loader_path/Frameworks",
				);
				PRODUCT_BUNDLE_IDENTIFIER = com.mg.RandomJokeUITests;
				PRODUCT_NAME = "$(TARGET_NAME)";
				SWIFT_VERSION = 5.0;
				TARGETED_DEVICE_FAMILY = "1,2";
				TEST_TARGET_NAME = RandomJoke;
			};
			name = Debug;
		};
		6307127922FC012800A509E3 /* Release */ = {
			isa = XCBuildConfiguration;
			buildSettings = {
				ALWAYS_EMBED_SWIFT_STANDARD_LIBRARIES = YES;
				CODE_SIGN_STYLE = Automatic;
				DEVELOPMENT_TEAM = MHA4V436PN;
				INFOPLIST_FILE = RandomJokeUITests/Info.plist;
				LD_RUNPATH_SEARCH_PATHS = (
					"$(inherited)",
					"@executable_path/Frameworks",
					"@loader_path/Frameworks",
				);
				PRODUCT_BUNDLE_IDENTIFIER = com.mg.RandomJokeUITests;
				PRODUCT_NAME = "$(TARGET_NAME)";
				SWIFT_VERSION = 5.0;
				TARGETED_DEVICE_FAMILY = "1,2";
				TEST_TARGET_NAME = RandomJoke;
			};
			name = Release;
		};
/* End XCBuildConfiguration section */

/* Begin XCConfigurationList section */
		6307124422FC012700A509E3 /* Build configuration list for PBXProject "RandomJoke" */ = {
			isa = XCConfigurationList;
			buildConfigurations = (
				6307126F22FC012800A509E3 /* Debug */,
				6307127022FC012800A509E3 /* Release */,
			);
			defaultConfigurationIsVisible = 0;
			defaultConfigurationName = Release;
		};
		6307127122FC012800A509E3 /* Build configuration list for PBXNativeTarget "RandomJoke" */ = {
			isa = XCConfigurationList;
			buildConfigurations = (
				6307127222FC012800A509E3 /* Debug */,
				6307127322FC012800A509E3 /* Release */,
			);
			defaultConfigurationIsVisible = 0;
			defaultConfigurationName = Release;
		};
		6307127422FC012800A509E3 /* Build configuration list for PBXNativeTarget "RandomJokeTests" */ = {
			isa = XCConfigurationList;
			buildConfigurations = (
				6307127522FC012800A509E3 /* Debug */,
				6307127622FC012800A509E3 /* Release */,
			);
			defaultConfigurationIsVisible = 0;
			defaultConfigurationName = Release;
		};
		6307127722FC012800A509E3 /* Build configuration list for PBXNativeTarget "RandomJokeUITests" */ = {
			isa = XCConfigurationList;
			buildConfigurations = (
				6307127822FC012800A509E3 /* Debug */,
				6307127922FC012800A509E3 /* Release */,
			);
			defaultConfigurationIsVisible = 0;
			defaultConfigurationName = Release;
		};
/* End XCConfigurationList section */
	};
	rootObject = 6307124122FC012700A509E3 /* Project object */;
}
